
Microsoft Visual Studio Solution File, Format Version 11.00
# Visual Studio 2010
Project("{FAE04EC0-301F-11D3-BF4B-00C04F79EFBC}") = "FNB Mario Gauchada", "Assembly-CSharp.csproj", "{CBEA6C50-47B8-425F-6EB7-9CA5F50D9C8A}"
EndProject
Project("{FAE04EC0-301F-11D3-BF4B-00C04F79EFBC}") = "FNB Mario Gauchada", "Assembly-CSharp-Editor.csproj", "{79692560-FA3E-D2BF-AA45-5E9447F842E3}"
EndProject
Global
	GlobalSection(SolutionConfigurationPlatforms) = preSolution
		Debug|Any CPU = Debug|Any CPU
		Release|Any CPU = Release|Any CPU
	EndGlobalSection
	GlobalSection(ProjectConfigurationPlatforms) = postSolution
		{CBEA6C50-47B8-425F-6EB7-9CA5F50D9C8A}.Debug|Any CPU.ActiveCfg = Debug|Any CPU
		{CBEA6C50-47B8-425F-6EB7-9CA5F50D9C8A}.Debug|Any CPU.Build.0 = Debug|Any CPU
		{CBEA6C50-47B8-425F-6EB7-9CA5F50D9C8A}.Release|Any CPU.ActiveCfg = Release|Any CPU
		{CBEA6C50-47B8-425F-6EB7-9CA5F50D9C8A}.Release|Any CPU.Build.0 = Release|Any CPU
		{79692560-FA3E-D2BF-AA45-5E9447F842E3}.Debug|Any CPU.ActiveCfg = Debug|Any CPU
		{79692560-FA3E-D2BF-AA45-5E9447F842E3}.Debug|Any CPU.Build.0 = Debug|Any CPU
		{79692560-FA3E-D2BF-AA45-5E9447F842E3}.Release|Any CPU.ActiveCfg = Release|Any CPU
		{79692560-FA3E-D2BF-AA45-5E9447F842E3}.Release|Any CPU.Build.0 = Release|Any CPU
	EndGlobalSection
	GlobalSection(SolutionProperties) = preSolution
		HideSolutionNode = FALSE
	EndGlobalSection
	GlobalSection(MonoDevelopProperties) = preSolution
		StartupItem = Assembly-CSharp.csproj
	EndGlobalSection
EndGlobal
